
Microsoft Visual Studio Solution File, Format Version 12.00
# Visual Studio Version 16
VisualStudioVersion = 16.0.31205.134
MinimumVisualStudioVersion = 10.0.40219.1
Project("{9A19103F-16F7-4668-BE54-9A1E7A4F7556}") = "EdetailingAPI", "EdetailingAPI.csproj", "{9F6F29F9-FA49-46B1-A2CE-71B45D48371E}"
EndProject
Global
	GlobalSection(SolutionConfigurationPlatforms) = preSolution
		Debug|Any CPU = Debug|Any CPU
		Release|Any CPU = Release|Any CPU
	EndGlobalSection
	GlobalSection(ProjectConfigurationPlatforms) = postSolution
		{9F6F29F9-FA49-46B1-A2CE-71B45D48371E}.Debug|Any CPU.ActiveCfg = Debug|Any CPU
		{9F6F29F9-FA49-46B1-A2CE-71B45D48371E}.Debug|Any CPU.Build.0 = Debug|Any CPU
		{9F6F29F9-FA49-46B1-A2CE-71B45D48371E}.Release|Any CPU.ActiveCfg = Release|Any CPU
		{9F6F29F9-FA49-46B1-A2CE-71B45D48371E}.Release|Any CPU.Build.0 = Release|Any CPU
	EndGlobalSection
	GlobalSection(SolutionProperties) = preSolution
		HideSolutionNode = FALSE
	EndGlobalSection
	GlobalSection(ExtensibilityGlobals) = postSolution
		SolutionGuid = {5440939F-9963-47F0-A12E-566D5C0C5446}
	EndGlobalSection
EndGlobal
